// !$*UTF8*$!
{
	archiveVersion = 1;
	classes = {
	};
	objectVersion = 56;
	objects = {

/* Begin PBXBuildFile section */
		6D37F2E22B6848870084DF0A /* CharacterFinderFactory.swift in Sources */ = {isa = PBXBuildFile; fileRef = 6D37F2E12B6848870084DF0A /* CharacterFinderFactory.swift */; };
		6D3F460F2B6D8202003A0D03 /* NetworkingFactory.swift in Sources */ = {isa = PBXBuildFile; fileRef = 6D3F460E2B6D8202003A0D03 /* NetworkingFactory.swift */; };
		6D533AB52B76CF2C0058FCF7 /* Character.swift in Sources */ = {isa = PBXBuildFile; fileRef = 6D533AB42B76CF2C0058FCF7 /* Character.swift */; };
		6D533ABA2B76D28F0058FCF7 /* MarvelError.swift in Sources */ = {isa = PBXBuildFile; fileRef = 6D533AB92B76D28F0058FCF7 /* MarvelError.swift */; };
		6D533ABD2B76D7400058FCF7 /* SearchCharactersRepositoryType.swift in Sources */ = {isa = PBXBuildFile; fileRef = 6D533ABC2B76D7400058FCF7 /* SearchCharactersRepositoryType.swift */; };
		6D533AC02B76D79F0058FCF7 /* SearchCharacters.swift in Sources */ = {isa = PBXBuildFile; fileRef = 6D533ABF2B76D79F0058FCF7 /* SearchCharacters.swift */; };
		6D535CB92B5B3E5E0077BFD3 /* CleanArchitectureMvvmApp.swift in Sources */ = {isa = PBXBuildFile; fileRef = 6D535CB82B5B3E5E0077BFD3 /* CleanArchitectureMvvmApp.swift */; };
		6D535CBB2B5B3E5E0077BFD3 /* ContentView.swift in Sources */ = {isa = PBXBuildFile; fileRef = 6D535CBA2B5B3E5E0077BFD3 /* ContentView.swift */; };
		6D535CBD2B5B3E5E0077BFD3 /* Item.swift in Sources */ = {isa = PBXBuildFile; fileRef = 6D535CBC2B5B3E5E0077BFD3 /* Item.swift */; };
		6D535CBF2B5B3E5F0077BFD3 /* Assets.xcassets in Resources */ = {isa = PBXBuildFile; fileRef = 6D535CBE2B5B3E5F0077BFD3 /* Assets.xcassets */; };
		6D535CC22B5B3E5F0077BFD3 /* Preview Assets.xcassets in Resources */ = {isa = PBXBuildFile; fileRef = 6D535CC12B5B3E5F0077BFD3 /* Preview Assets.xcassets */; };
		6D8A358D2B76D90F000CE86C /* SearchCharactersType.swift in Sources */ = {isa = PBXBuildFile; fileRef = 6D8A358C2B76D90F000CE86C /* SearchCharactersType.swift */; };
		6D8A35912B76E025000CE86C /* HTTPClient.swift in Sources */ = {isa = PBXBuildFile; fileRef = 6D8A35902B76E025000CE86C /* HTTPClient.swift */; };
		6D8A35942B76E061000CE86C /* CharacterAPI.swift in Sources */ = {isa = PBXBuildFile; fileRef = 6D8A35932B76E061000CE86C /* CharacterAPI.swift */; };
		6D8A359B2B76E5C8000CE86C /* HTTPRequestMaker.swift in Sources */ = {isa = PBXBuildFile; fileRef = 6D8A35972B76E5C8000CE86C /* HTTPRequestMaker.swift */; };
		6D8A359C2B76E5C8000CE86C /* HTTPStatusCode.swift in Sources */ = {isa = PBXBuildFile; fileRef = 6D8A35982B76E5C8000CE86C /* HTTPStatusCode.swift */; };
		6D8A359D2B76E5C8000CE86C /* URLSessionMarvel.swift in Sources */ = {isa = PBXBuildFile; fileRef = 6D8A35992B76E5C8000CE86C /* URLSessionMarvel.swift */; };
		6D8A359E2B76E5C8000CE86C /* HTTPStatusCodeHandler.swift in Sources */ = {isa = PBXBuildFile; fileRef = 6D8A359A2B76E5C8000CE86C /* HTTPStatusCodeHandler.swift */; };
		6D8A35A02B76E6ED000CE86C /* EndpointType.swift in Sources */ = {isa = PBXBuildFile; fileRef = 6D8A359F2B76E6ED000CE86C /* EndpointType.swift */; };
		6D8A35A52B76E6FD000CE86C /* HTTPClientError.swift in Sources */ = {isa = PBXBuildFile; fileRef = 6D8A35A32B76E6FD000CE86C /* HTTPClientError.swift */; };
		6D8A35A62B76E6FD000CE86C /* HTTPMethods.swift in Sources */ = {isa = PBXBuildFile; fileRef = 6D8A35A42B76E6FD000CE86C /* HTTPMethods.swift */; };
		6D8A35A82B76E6FD000CE86C /* Version.swift in Sources */ = {isa = PBXBuildFile; fileRef = 6D8A35A22B76E6FD000CE86C /* Version.swift */; };
		6D8A35AE2B76E7CA000CE86C /* CharacterDataSource.swift in Sources */ = {isa = PBXBuildFile; fileRef = 6D8A35AD2B76E7CA000CE86C /* CharacterDataSource.swift */; };
		6D8A35B32B76E82D000CE86C /* CharacterDTO.swift in Sources */ = {isa = PBXBuildFile; fileRef = 6D8A35B12B76E82D000CE86C /* CharacterDTO.swift */; };
		6D8A35B42B76E82D000CE86C /* ImageDTO.swift in Sources */ = {isa = PBXBuildFile; fileRef = 6D8A35B22B76E82D000CE86C /* ImageDTO.swift */; };
		6D8A35B62B76E832000CE86C /* CharacterMapper.swift in Sources */ = {isa = PBXBuildFile; fileRef = 6D8A35B52B76E832000CE86C /* CharacterMapper.swift */; };
		6D8A35B92B76E873000CE86C /* APIFetchCharacterDataSourceType.swift in Sources */ = {isa = PBXBuildFile; fileRef = 6D8A35B82B76E873000CE86C /* APIFetchCharacterDataSourceType.swift */; };
		6D8A35BC2B76E8F3000CE86C /* CharacterRepository.swift in Sources */ = {isa = PBXBuildFile; fileRef = 6D8A35BB2B76E8F3000CE86C /* CharacterRepository.swift */; };
		6D8A35C02B76E997000CE86C /* CharacterItem.swift in Sources */ = {isa = PBXBuildFile; fileRef = 6D8A35BF2B76E997000CE86C /* CharacterItem.swift */; };
		6D8A35C32B76E9C2000CE86C /* CharactersFinderViewModel.swift in Sources */ = {isa = PBXBuildFile; fileRef = 6D8A35C22B76E9C2000CE86C /* CharactersFinderViewModel.swift */; };
		6D8A35C82B76EA61000CE86C /* CharacterCell.swift in Sources */ = {isa = PBXBuildFile; fileRef = 6D8A35C72B76EA61000CE86C /* CharacterCell.swift */; };
		6D8A35CA2B76EA65000CE86C /* CharactersFinderView.swift in Sources */ = {isa = PBXBuildFile; fileRef = 6D8A35C92B76EA65000CE86C /* CharactersFinderView.swift */; };
		6D8A35CD2B773EB1000CE86C /* Dependency in Frameworks */ = {isa = PBXBuildFile; productRef = 6D8A35CC2B773EB1000CE86C /* Dependency */; };
		6D8A35D02B774046000CE86C /* CharactersFinderBag.swift in Sources */ = {isa = PBXBuildFile; fileRef = 6D8A35CF2B774046000CE86C /* CharactersFinderBag.swift */; };
		6D8A35D42B774163000CE86C /* InfraestructureBag.swift in Sources */ = {isa = PBXBuildFile; fileRef = 6D8A35D32B774163000CE86C /* InfraestructureBag.swift */; };
		6D8A35D72B774993000CE86C /* DataBag.swift in Sources */ = {isa = PBXBuildFile; fileRef = 6D8A35D62B774993000CE86C /* DataBag.swift */; };
/* End PBXBuildFile section */

/* Begin PBXFileReference section */
		6D37F2E12B6848870084DF0A /* CharacterFinderFactory.swift */ = {isa = PBXFileReference; lastKnownFileType = sourcecode.swift; path = CharacterFinderFactory.swift; sourceTree = "<group>"; };
		6D3F460E2B6D8202003A0D03 /* NetworkingFactory.swift */ = {isa = PBXFileReference; fileEncoding = 4; lastKnownFileType = sourcecode.swift; path = NetworkingFactory.swift; sourceTree = "<group>"; };
		6D533AB42B76CF2C0058FCF7 /* Character.swift */ = {isa = PBXFileReference; fileEncoding = 4; lastKnownFileType = sourcecode.swift; path = Character.swift; sourceTree = "<group>"; };
		6D533AB92B76D28F0058FCF7 /* MarvelError.swift */ = {isa = PBXFileReference; fileEncoding = 4; lastKnownFileType = sourcecode.swift; path = MarvelError.swift; sourceTree = "<group>"; };
		6D533ABC2B76D7400058FCF7 /* SearchCharactersRepositoryType.swift */ = {isa = PBXFileReference; fileEncoding = 4; lastKnownFileType = sourcecode.swift; path = SearchCharactersRepositoryType.swift; sourceTree = "<group>"; };
		6D533ABF2B76D79F0058FCF7 /* SearchCharacters.swift */ = {isa = PBXFileReference; fileEncoding = 4; lastKnownFileType = sourcecode.swift; path = SearchCharacters.swift; sourceTree = "<group>"; };
		6D535CB52B5B3E5E0077BFD3 /* CleanArchitectureMvvm.app */ = {isa = PBXFileReference; explicitFileType = wrapper.application; includeInIndex = 0; path = CleanArchitectureMvvm.app; sourceTree = BUILT_PRODUCTS_DIR; };
		6D535CB82B5B3E5E0077BFD3 /* CleanArchitectureMvvmApp.swift */ = {isa = PBXFileReference; lastKnownFileType = sourcecode.swift; path = CleanArchitectureMvvmApp.swift; sourceTree = "<group>"; };
		6D535CBA2B5B3E5E0077BFD3 /* ContentView.swift */ = {isa = PBXFileReference; lastKnownFileType = sourcecode.swift; path = ContentView.swift; sourceTree = "<group>"; };
		6D535CBC2B5B3E5E0077BFD3 /* Item.swift */ = {isa = PBXFileReference; lastKnownFileType = sourcecode.swift; path = Item.swift; sourceTree = "<group>"; };
		6D535CBE2B5B3E5F0077BFD3 /* Assets.xcassets */ = {isa = PBXFileReference; lastKnownFileType = folder.assetcatalog; path = Assets.xcassets; sourceTree = "<group>"; };
		6D535CC12B5B3E5F0077BFD3 /* Preview Assets.xcassets */ = {isa = PBXFileReference; lastKnownFileType = folder.assetcatalog; path = "Preview Assets.xcassets"; sourceTree = "<group>"; };
		6D535CCD2B5B42E10077BFD3 /* Info.plist */ = {isa = PBXFileReference; lastKnownFileType = text.plist; path = Info.plist; sourceTree = "<group>"; };
		6D8A358C2B76D90F000CE86C /* SearchCharactersType.swift */ = {isa = PBXFileReference; lastKnownFileType = sourcecode.swift; path = SearchCharactersType.swift; sourceTree = "<group>"; };
		6D8A35902B76E025000CE86C /* HTTPClient.swift */ = {isa = PBXFileReference; fileEncoding = 4; lastKnownFileType = sourcecode.swift; path = HTTPClient.swift; sourceTree = "<group>"; };
		6D8A35932B76E061000CE86C /* CharacterAPI.swift */ = {isa = PBXFileReference; fileEncoding = 4; lastKnownFileType = sourcecode.swift; path = CharacterAPI.swift; sourceTree = "<group>"; };
		6D8A35972B76E5C8000CE86C /* HTTPRequestMaker.swift */ = {isa = PBXFileReference; fileEncoding = 4; lastKnownFileType = sourcecode.swift; path = HTTPRequestMaker.swift; sourceTree = "<group>"; };
		6D8A35982B76E5C8000CE86C /* HTTPStatusCode.swift */ = {isa = PBXFileReference; fileEncoding = 4; lastKnownFileType = sourcecode.swift; path = HTTPStatusCode.swift; sourceTree = "<group>"; };
		6D8A35992B76E5C8000CE86C /* URLSessionMarvel.swift */ = {isa = PBXFileReference; fileEncoding = 4; lastKnownFileType = sourcecode.swift; path = URLSessionMarvel.swift; sourceTree = "<group>"; };
		6D8A359A2B76E5C8000CE86C /* HTTPStatusCodeHandler.swift */ = {isa = PBXFileReference; fileEncoding = 4; lastKnownFileType = sourcecode.swift; path = HTTPStatusCodeHandler.swift; sourceTree = "<group>"; };
		6D8A359F2B76E6ED000CE86C /* EndpointType.swift */ = {isa = PBXFileReference; lastKnownFileType = sourcecode.swift; path = EndpointType.swift; sourceTree = "<group>"; };
		6D8A35A22B76E6FD000CE86C /* Version.swift */ = {isa = PBXFileReference; lastKnownFileType = sourcecode.swift; path = Version.swift; sourceTree = "<group>"; };
		6D8A35A32B76E6FD000CE86C /* HTTPClientError.swift */ = {isa = PBXFileReference; lastKnownFileType = sourcecode.swift; path = HTTPClientError.swift; sourceTree = "<group>"; };
		6D8A35A42B76E6FD000CE86C /* HTTPMethods.swift */ = {isa = PBXFileReference; lastKnownFileType = sourcecode.swift; path = HTTPMethods.swift; sourceTree = "<group>"; };
		6D8A35AD2B76E7CA000CE86C /* CharacterDataSource.swift */ = {isa = PBXFileReference; fileEncoding = 4; lastKnownFileType = sourcecode.swift; path = CharacterDataSource.swift; sourceTree = "<group>"; };
		6D8A35B12B76E82D000CE86C /* CharacterDTO.swift */ = {isa = PBXFileReference; fileEncoding = 4; lastKnownFileType = sourcecode.swift; path = CharacterDTO.swift; sourceTree = "<group>"; };
		6D8A35B22B76E82D000CE86C /* ImageDTO.swift */ = {isa = PBXFileReference; fileEncoding = 4; lastKnownFileType = sourcecode.swift; path = ImageDTO.swift; sourceTree = "<group>"; };
		6D8A35B52B76E832000CE86C /* CharacterMapper.swift */ = {isa = PBXFileReference; fileEncoding = 4; lastKnownFileType = sourcecode.swift; path = CharacterMapper.swift; sourceTree = "<group>"; };
		6D8A35B82B76E873000CE86C /* APIFetchCharacterDataSourceType.swift */ = {isa = PBXFileReference; fileEncoding = 4; lastKnownFileType = sourcecode.swift; path = APIFetchCharacterDataSourceType.swift; sourceTree = "<group>"; };
		6D8A35BB2B76E8F3000CE86C /* CharacterRepository.swift */ = {isa = PBXFileReference; fileEncoding = 4; lastKnownFileType = sourcecode.swift; path = CharacterRepository.swift; sourceTree = "<group>"; };
		6D8A35BF2B76E997000CE86C /* CharacterItem.swift */ = {isa = PBXFileReference; fileEncoding = 4; lastKnownFileType = sourcecode.swift; path = CharacterItem.swift; sourceTree = "<group>"; };
		6D8A35C22B76E9C2000CE86C /* CharactersFinderViewModel.swift */ = {isa = PBXFileReference; fileEncoding = 4; lastKnownFileType = sourcecode.swift; path = CharactersFinderViewModel.swift; sourceTree = "<group>"; };
		6D8A35C72B76EA61000CE86C /* CharacterCell.swift */ = {isa = PBXFileReference; fileEncoding = 4; lastKnownFileType = sourcecode.swift; path = CharacterCell.swift; sourceTree = "<group>"; };
		6D8A35C92B76EA65000CE86C /* CharactersFinderView.swift */ = {isa = PBXFileReference; fileEncoding = 4; lastKnownFileType = sourcecode.swift; path = CharactersFinderView.swift; sourceTree = "<group>"; };
		6D8A35CB2B773ADC000CE86C /* Dependency */ = {isa = PBXFileReference; lastKnownFileType = wrapper; path = Dependency; sourceTree = "<group>"; };
		6D8A35CF2B774046000CE86C /* CharactersFinderBag.swift */ = {isa = PBXFileReference; lastKnownFileType = sourcecode.swift; path = CharactersFinderBag.swift; sourceTree = "<group>"; };
		6D8A35D32B774163000CE86C /* InfraestructureBag.swift */ = {isa = PBXFileReference; lastKnownFileType = sourcecode.swift; path = InfraestructureBag.swift; sourceTree = "<group>"; };
		6D8A35D62B774993000CE86C /* DataBag.swift */ = {isa = PBXFileReference; lastKnownFileType = sourcecode.swift; path = DataBag.swift; sourceTree = "<group>"; };
/* End PBXFileReference section */

/* Begin PBXFrameworksBuildPhase section */
		6D535CB22B5B3E5E0077BFD3 /* Frameworks */ = {
			isa = PBXFrameworksBuildPhase;
			buildActionMask = 2147483647;
			files = (
				6D8A35CD2B773EB1000CE86C /* Dependency in Frameworks */,
			);
			runOnlyForDeploymentPostprocessing = 0;
		};
/* End PBXFrameworksBuildPhase section */

/* Begin PBXGroup section */
		6D37F2DB2B683F1B0084DF0A /* CompositionApp */ = {
			isa = PBXGroup;
			children = (
				6D3F460E2B6D8202003A0D03 /* NetworkingFactory.swift */,
				6D37F2E02B6848680084DF0A /* Factories */,
			);
			path = CompositionApp;
			sourceTree = "<group>";
		};
		6D37F2E02B6848680084DF0A /* Factories */ = {
			isa = PBXGroup;
			children = (
				6D37F2E12B6848870084DF0A /* CharacterFinderFactory.swift */,
			);
			path = Factories;
			sourceTree = "<group>";
		};
		6D533AB02B76C73C0058FCF7 /* Features */ = {
			isa = PBXGroup;
			children = (
				6D533AB12B76C9E00058FCF7 /* CharactersFinder */,
			);
			path = Features;
			sourceTree = "<group>";
		};
		6D533AB12B76C9E00058FCF7 /* CharactersFinder */ = {
			isa = PBXGroup;
			children = (
				6D8A35C42B76EA18000CE86C /* UI */,
				6D8A35BD2B76E96C000CE86C /* Presentation */,
				6D533AB22B76CC740058FCF7 /* Domain */,
				6D8A358E2B76DC2E000CE86C /* Data */,
				6D8A35CE2B773F23000CE86C /* DI */,
			);
			path = CharactersFinder;
			sourceTree = "<group>";
		};
		6D533AB22B76CC740058FCF7 /* Domain */ = {
			isa = PBXGroup;
			children = (
				6D533ABB2B76D71F0058FCF7 /* Interfaces */,
				6D533ABE2B76D7920058FCF7 /* UseCases */,
				6D533AB32B76CF1E0058FCF7 /* Entities */,
			);
			path = Domain;
			sourceTree = "<group>";
		};
		6D533AB32B76CF1E0058FCF7 /* Entities */ = {
			isa = PBXGroup;
			children = (
				6D533AB42B76CF2C0058FCF7 /* Character.swift */,
			);
			path = Entities;
			sourceTree = "<group>";
		};
		6D533AB62B76D2690058FCF7 /* Common */ = {
			isa = PBXGroup;
			children = (
				6D8A35D12B77409F000CE86C /* Architecture */,
			);
			path = Common;
			sourceTree = "<group>";
		};
		6D533AB72B76D2800058FCF7 /* Domain */ = {
			isa = PBXGroup;
			children = (
				6D533AB82B76D2870058FCF7 /* Entities */,
			);
			path = Domain;
			sourceTree = "<group>";
		};
		6D533AB82B76D2870058FCF7 /* Entities */ = {
			isa = PBXGroup;
			children = (
				6D533AB92B76D28F0058FCF7 /* MarvelError.swift */,
			);
			path = Entities;
			sourceTree = "<group>";
		};
		6D533ABB2B76D71F0058FCF7 /* Interfaces */ = {
			isa = PBXGroup;
			children = (
				6D533AC22B76D7E60058FCF7 /* UseCases */,
				6D533AC12B76D7CA0058FCF7 /* Repositories */,
			);
			path = Interfaces;
			sourceTree = "<group>";
		};
		6D533ABE2B76D7920058FCF7 /* UseCases */ = {
			isa = PBXGroup;
			children = (
				6D533ABF2B76D79F0058FCF7 /* SearchCharacters.swift */,
			);
			path = UseCases;
			sourceTree = "<group>";
		};
		6D533AC12B76D7CA0058FCF7 /* Repositories */ = {
			isa = PBXGroup;
			children = (
				6D533ABC2B76D7400058FCF7 /* SearchCharactersRepositoryType.swift */,
			);
			path = Repositories;
			sourceTree = "<group>";
		};
		6D533AC22B76D7E60058FCF7 /* UseCases */ = {
			isa = PBXGroup;
			children = (
				6D8A358C2B76D90F000CE86C /* SearchCharactersType.swift */,
			);
			path = UseCases;
			sourceTree = "<group>";
		};
		6D535CAC2B5B3E5E0077BFD3 = {
			isa = PBXGroup;
			children = (
				6D535CB72B5B3E5E0077BFD3 /* CleanArchitectureMvvm */,
				6D535CB62B5B3E5E0077BFD3 /* Products */,
				6D535CCE2B5B42EB0077BFD3 /* Frameworks */,
				6D8A35CB2B773ADC000CE86C /* Dependency */,
			);
			sourceTree = "<group>";
		};
		6D535CB62B5B3E5E0077BFD3 /* Products */ = {
			isa = PBXGroup;
			children = (
				6D535CB52B5B3E5E0077BFD3 /* CleanArchitectureMvvm.app */,
			);
			name = Products;
			sourceTree = "<group>";
		};
		6D535CB72B5B3E5E0077BFD3 /* CleanArchitectureMvvm */ = {
			isa = PBXGroup;
			children = (
				6D533AB62B76D2690058FCF7 /* Common */,
				6D533AB02B76C73C0058FCF7 /* Features */,
				6D37F2DB2B683F1B0084DF0A /* CompositionApp */,
				6D535CCD2B5B42E10077BFD3 /* Info.plist */,
				6D535CB82B5B3E5E0077BFD3 /* CleanArchitectureMvvmApp.swift */,
				6D535CBA2B5B3E5E0077BFD3 /* ContentView.swift */,
				6D535CBC2B5B3E5E0077BFD3 /* Item.swift */,
				6D535CBE2B5B3E5F0077BFD3 /* Assets.xcassets */,
				6D535CC02B5B3E5F0077BFD3 /* Preview Content */,
			);
			path = CleanArchitectureMvvm;
			sourceTree = "<group>";
		};
		6D535CC02B5B3E5F0077BFD3 /* Preview Content */ = {
			isa = PBXGroup;
			children = (
				6D535CC12B5B3E5F0077BFD3 /* Preview Assets.xcassets */,
			);
			path = "Preview Content";
			sourceTree = "<group>";
		};
		6D535CCE2B5B42EB0077BFD3 /* Frameworks */ = {
			isa = PBXGroup;
			children = (
			);
			name = Frameworks;
			sourceTree = "<group>";
		};
		6D8A358E2B76DC2E000CE86C /* Data */ = {
			isa = PBXGroup;
			children = (
				6D8A35BA2B76E8E7000CE86C /* Repositories */,
				6D8A35B72B76E869000CE86C /* Interfaces */,
				6D8A35AF2B76E819000CE86C /* DTOs */,
				6D8A35AC2B76E7A9000CE86C /* DataSources */,
				6D8A35922B76E057000CE86C /* Endpoint */,
			);
			path = Data;
			sourceTree = "<group>";
		};
		6D8A358F2B76DDD6000CE86C /* Data */ = {
			isa = PBXGroup;
			children = (
				6D8A35D52B774978000CE86C /* DI */,
				6D8A35A92B76E746000CE86C /* Connections */,
			);
			path = Data;
			sourceTree = "<group>";
		};
		6D8A35922B76E057000CE86C /* Endpoint */ = {
			isa = PBXGroup;
			children = (
				6D8A35932B76E061000CE86C /* CharacterAPI.swift */,
			);
			path = Endpoint;
			sourceTree = "<group>";
		};
		6D8A35952B76E596000CE86C /* Infraestructure */ = {
			isa = PBXGroup;
			children = (
				6D8A35D22B7740AE000CE86C /* DI */,
				6D8A35962B76E5AB000CE86C /* Networking */,
			);
			path = Infraestructure;
			sourceTree = "<group>";
		};
		6D8A35962B76E5AB000CE86C /* Networking */ = {
			isa = PBXGroup;
			children = (
				6D8A35972B76E5C8000CE86C /* HTTPRequestMaker.swift */,
				6D8A35982B76E5C8000CE86C /* HTTPStatusCode.swift */,
				6D8A359A2B76E5C8000CE86C /* HTTPStatusCodeHandler.swift */,
				6D8A35992B76E5C8000CE86C /* URLSessionMarvel.swift */,
			);
			path = Networking;
			sourceTree = "<group>";
		};
		6D8A35A92B76E746000CE86C /* Connections */ = {
			isa = PBXGroup;
			children = (
				6D8A35AA2B76E75A000CE86C /* Networking */,
			);
			path = Connections;
			sourceTree = "<group>";
		};
		6D8A35AA2B76E75A000CE86C /* Networking */ = {
			isa = PBXGroup;
			children = (
				6D8A35902B76E025000CE86C /* HTTPClient.swift */,
				6D8A35A32B76E6FD000CE86C /* HTTPClientError.swift */,
				6D8A35A42B76E6FD000CE86C /* HTTPMethods.swift */,
				6D8A35A22B76E6FD000CE86C /* Version.swift */,
				6D8A359F2B76E6ED000CE86C /* EndpointType.swift */,
			);
			path = Networking;
			sourceTree = "<group>";
		};
		6D8A35AC2B76E7A9000CE86C /* DataSources */ = {
			isa = PBXGroup;
			children = (
				6D8A35AD2B76E7CA000CE86C /* CharacterDataSource.swift */,
			);
			path = DataSources;
			sourceTree = "<group>";
		};
		6D8A35AF2B76E819000CE86C /* DTOs */ = {
			isa = PBXGroup;
			children = (
				6D8A35B12B76E82D000CE86C /* CharacterDTO.swift */,
				6D8A35B22B76E82D000CE86C /* ImageDTO.swift */,
				6D8A35B02B76E822000CE86C /* Mappers */,
			);
			path = DTOs;
			sourceTree = "<group>";
		};
		6D8A35B02B76E822000CE86C /* Mappers */ = {
			isa = PBXGroup;
			children = (
				6D8A35B52B76E832000CE86C /* CharacterMapper.swift */,
			);
			path = Mappers;
			sourceTree = "<group>";
		};
		6D8A35B72B76E869000CE86C /* Interfaces */ = {
			isa = PBXGroup;
			children = (
				6D8A35B82B76E873000CE86C /* APIFetchCharacterDataSourceType.swift */,
			);
			path = Interfaces;
			sourceTree = "<group>";
		};
		6D8A35BA2B76E8E7000CE86C /* Repositories */ = {
			isa = PBXGroup;
			children = (
				6D8A35BB2B76E8F3000CE86C /* CharacterRepository.swift */,
			);
			path = Repositories;
			sourceTree = "<group>";
		};
		6D8A35BD2B76E96C000CE86C /* Presentation */ = {
			isa = PBXGroup;
			children = (
				6D8A35C12B76E9B3000CE86C /* ViewModels */,
				6D8A35BE2B76E98F000CE86C /* Items */,
			);
			path = Presentation;
			sourceTree = "<group>";
		};
		6D8A35BE2B76E98F000CE86C /* Items */ = {
			isa = PBXGroup;
			children = (
				6D8A35BF2B76E997000CE86C /* CharacterItem.swift */,
			);
			path = Items;
			sourceTree = "<group>";
		};
		6D8A35C12B76E9B3000CE86C /* ViewModels */ = {
			isa = PBXGroup;
			children = (
				6D8A35C22B76E9C2000CE86C /* CharactersFinderViewModel.swift */,
			);
			path = ViewModels;
			sourceTree = "<group>";
		};
		6D8A35C42B76EA18000CE86C /* UI */ = {
			isa = PBXGroup;
			children = (
				6D8A35C62B76EA55000CE86C /* Screens */,
				6D8A35C52B76EA3B000CE86C /* Components */,
			);
			path = UI;
			sourceTree = "<group>";
		};
		6D8A35C52B76EA3B000CE86C /* Components */ = {
			isa = PBXGroup;
			children = (
				6D8A35C72B76EA61000CE86C /* CharacterCell.swift */,
			);
			path = Components;
			sourceTree = "<group>";
		};
		6D8A35C62B76EA55000CE86C /* Screens */ = {
			isa = PBXGroup;
			children = (
				6D8A35C92B76EA65000CE86C /* CharactersFinderView.swift */,
			);
			path = Screens;
			sourceTree = "<group>";
		};
		6D8A35CE2B773F23000CE86C /* DI */ = {
			isa = PBXGroup;
			children = (
				6D8A35CF2B774046000CE86C /* CharactersFinderBag.swift */,
			);
			path = DI;
			sourceTree = "<group>";
		};
		6D8A35D12B77409F000CE86C /* Architecture */ = {
			isa = PBXGroup;
			children = (
				6D8A35952B76E596000CE86C /* Infraestructure */,
				6D8A358F2B76DDD6000CE86C /* Data */,
				6D533AB72B76D2800058FCF7 /* Domain */,
			);
			path = Architecture;
			sourceTree = "<group>";
		};
		6D8A35D22B7740AE000CE86C /* DI */ = {
			isa = PBXGroup;
			children = (
				6D8A35D32B774163000CE86C /* InfraestructureBag.swift */,
			);
			path = DI;
			sourceTree = "<group>";
		};
		6D8A35D52B774978000CE86C /* DI */ = {
			isa = PBXGroup;
			children = (
				6D8A35D62B774993000CE86C /* DataBag.swift */,
			);
			path = DI;
			sourceTree = "<group>";
		};
/* End PBXGroup section */

/* Begin PBXNativeTarget section */
		6D535CB42B5B3E5E0077BFD3 /* CleanArchitectureMvvm */ = {
			isa = PBXNativeTarget;
			buildConfigurationList = 6D535CC52B5B3E5F0077BFD3 /* Build configuration list for PBXNativeTarget "CleanArchitectureMvvm" */;
			buildPhases = (
				6D535CB12B5B3E5E0077BFD3 /* Sources */,
				6D535CB22B5B3E5E0077BFD3 /* Frameworks */,
				6D535CB32B5B3E5E0077BFD3 /* Resources */,
			);
			buildRules = (
			);
			dependencies = (
			);
			name = CleanArchitectureMvvm;
			packageProductDependencies = (
				6D8A35CC2B773EB1000CE86C /* Dependency */,
			);
			productName = CleanArchitectureMvvm;
			productReference = 6D535CB52B5B3E5E0077BFD3 /* CleanArchitectureMvvm.app */;
			productType = "com.apple.product-type.application";
		};
/* End PBXNativeTarget section */

/* Begin PBXProject section */
		6D535CAD2B5B3E5E0077BFD3 /* Project object */ = {
			isa = PBXProject;
			attributes = {
				BuildIndependentTargetsInParallel = 1;
				LastSwiftUpdateCheck = 1520;
				LastUpgradeCheck = 1520;
				TargetAttributes = {
					6D535CB42B5B3E5E0077BFD3 = {
						CreatedOnToolsVersion = 15.2;
					};
				};
			};
			buildConfigurationList = 6D535CB02B5B3E5E0077BFD3 /* Build configuration list for PBXProject "CleanArchitectureMvvm" */;
			compatibilityVersion = "Xcode 14.0";
			developmentRegion = en;
			hasScannedForEncodings = 0;
			knownRegions = (
				en,
				Base,
			);
			mainGroup = 6D535CAC2B5B3E5E0077BFD3;
			productRefGroup = 6D535CB62B5B3E5E0077BFD3 /* Products */;
			projectDirPath = "";
			projectRoot = "";
			targets = (
				6D535CB42B5B3E5E0077BFD3 /* CleanArchitectureMvvm */,
			);
		};
/* End PBXProject section */

/* Begin PBXResourcesBuildPhase section */
		6D535CB32B5B3E5E0077BFD3 /* Resources */ = {
			isa = PBXResourcesBuildPhase;
			buildActionMask = 2147483647;
			files = (
				6D535CC22B5B3E5F0077BFD3 /* Preview Assets.xcassets in Resources */,
				6D535CBF2B5B3E5F0077BFD3 /* Assets.xcassets in Resources */,
			);
			runOnlyForDeploymentPostprocessing = 0;
		};
/* End PBXResourcesBuildPhase section */

/* Begin PBXSourcesBuildPhase section */
		6D535CB12B5B3E5E0077BFD3 /* Sources */ = {
			isa = PBXSourcesBuildPhase;
			buildActionMask = 2147483647;
			files = (
				6D8A359B2B76E5C8000CE86C /* HTTPRequestMaker.swift in Sources */,
				6D8A35D42B774163000CE86C /* InfraestructureBag.swift in Sources */,
				6D8A35C82B76EA61000CE86C /* CharacterCell.swift in Sources */,
				6D535CBB2B5B3E5E0077BFD3 /* ContentView.swift in Sources */,
				6D8A35C32B76E9C2000CE86C /* CharactersFinderViewModel.swift in Sources */,
				6D535CBD2B5B3E5E0077BFD3 /* Item.swift in Sources */,
				6D8A35B42B76E82D000CE86C /* ImageDTO.swift in Sources */,
				6D8A35B92B76E873000CE86C /* APIFetchCharacterDataSourceType.swift in Sources */,
				6D8A359E2B76E5C8000CE86C /* HTTPStatusCodeHandler.swift in Sources */,
				6D8A35A82B76E6FD000CE86C /* Version.swift in Sources */,
				6D8A35BC2B76E8F3000CE86C /* CharacterRepository.swift in Sources */,
				6D8A35D02B774046000CE86C /* CharactersFinderBag.swift in Sources */,
				6D8A35AE2B76E7CA000CE86C /* CharacterDataSource.swift in Sources */,
				6D3F460F2B6D8202003A0D03 /* NetworkingFactory.swift in Sources */,
				6D8A35CA2B76EA65000CE86C /* CharactersFinderView.swift in Sources */,
				6D8A358D2B76D90F000CE86C /* SearchCharactersType.swift in Sources */,
				6D8A35A62B76E6FD000CE86C /* HTTPMethods.swift in Sources */,
				6D533AB52B76CF2C0058FCF7 /* Character.swift in Sources */,
				6D8A35D72B774993000CE86C /* DataBag.swift in Sources */,
				6D8A359C2B76E5C8000CE86C /* HTTPStatusCode.swift in Sources */,
				6D535CB92B5B3E5E0077BFD3 /* CleanArchitectureMvvmApp.swift in Sources */,
				6D8A35A52B76E6FD000CE86C /* HTTPClientError.swift in Sources */,
				6D8A35B32B76E82D000CE86C /* CharacterDTO.swift in Sources */,
				6D8A35912B76E025000CE86C /* HTTPClient.swift in Sources */,
				6D8A359D2B76E5C8000CE86C /* URLSessionMarvel.swift in Sources */,
				6D8A35A02B76E6ED000CE86C /* EndpointType.swift in Sources */,
				6D8A35B62B76E832000CE86C /* CharacterMapper.swift in Sources */,
				6D533AC02B76D79F0058FCF7 /* SearchCharacters.swift in Sources */,
				6D8A35942B76E061000CE86C /* CharacterAPI.swift in Sources */,
				6D37F2E22B6848870084DF0A /* CharacterFinderFactory.swift in Sources */,
				6D8A35C02B76E997000CE86C /* CharacterItem.swift in Sources */,
				6D533ABA2B76D28F0058FCF7 /* MarvelError.swift in Sources */,
				6D533ABD2B76D7400058FCF7 /* SearchCharactersRepositoryType.swift in Sources */,
			);
			runOnlyForDeploymentPostprocessing = 0;
		};
/* End PBXSourcesBuildPhase section */

/* Begin XCBuildConfiguration section */
		6D535CC32B5B3E5F0077BFD3 /* Debug */ = {
			isa = XCBuildConfiguration;
			buildSettings = {
				ALWAYS_SEARCH_USER_PATHS = NO;
				ASSETCATALOG_COMPILER_GENERATE_SWIFT_ASSET_SYMBOL_EXTENSIONS = YES;
				CLANG_ANALYZER_NONNULL = YES;
				CLANG_ANALYZER_NUMBER_OBJECT_CONVERSION = YES_AGGRESSIVE;
				CLANG_CXX_LANGUAGE_STANDARD = "gnu++20";
				CLANG_ENABLE_MODULES = YES;
				CLANG_ENABLE_OBJC_ARC = YES;
				CLANG_ENABLE_OBJC_WEAK = YES;
				CLANG_WARN_BLOCK_CAPTURE_AUTORELEASING = YES;
				CLANG_WARN_BOOL_CONVERSION = YES;
				CLANG_WARN_COMMA = YES;
				CLANG_WARN_CONSTANT_CONVERSION = YES;
				CLANG_WARN_DEPRECATED_OBJC_IMPLEMENTATIONS = YES;
				CLANG_WARN_DIRECT_OBJC_ISA_USAGE = YES_ERROR;
				CLANG_WARN_DOCUMENTATION_COMMENTS = YES;
				CLANG_WARN_EMPTY_BODY = YES;
				CLANG_WARN_ENUM_CONVERSION = YES;
				CLANG_WARN_INFINITE_RECURSION = YES;
				CLANG_WARN_INT_CONVERSION = YES;
				CLANG_WARN_NON_LITERAL_NULL_CONVERSION = YES;
				CLANG_WARN_OBJC_IMPLICIT_RETAIN_SELF = YES;
				CLANG_WARN_OBJC_LITERAL_CONVERSION = YES;
				CLANG_WARN_OBJC_ROOT_CLASS = YES_ERROR;
				CLANG_WARN_QUOTED_INCLUDE_IN_FRAMEWORK_HEADER = YES;
				CLANG_WARN_RANGE_LOOP_ANALYSIS = YES;
				CLANG_WARN_STRICT_PROTOTYPES = YES;
				CLANG_WARN_SUSPICIOUS_MOVE = YES;
				CLANG_WARN_UNGUARDED_AVAILABILITY = YES_AGGRESSIVE;
				CLANG_WARN_UNREACHABLE_CODE = YES;
				CLANG_WARN__DUPLICATE_METHOD_MATCH = YES;
				COPY_PHASE_STRIP = NO;
				DEBUG_INFORMATION_FORMAT = dwarf;
				ENABLE_STRICT_OBJC_MSGSEND = YES;
				ENABLE_TESTABILITY = YES;
				ENABLE_USER_SCRIPT_SANDBOXING = YES;
				GCC_C_LANGUAGE_STANDARD = gnu17;
				GCC_DYNAMIC_NO_PIC = NO;
				GCC_NO_COMMON_BLOCKS = YES;
				GCC_OPTIMIZATION_LEVEL = 0;
				GCC_PREPROCESSOR_DEFINITIONS = (
					"DEBUG=1",
					"$(inherited)",
				);
				GCC_WARN_64_TO_32_BIT_CONVERSION = YES;
				GCC_WARN_ABOUT_RETURN_TYPE = YES_ERROR;
				GCC_WARN_UNDECLARED_SELECTOR = YES;
				GCC_WARN_UNINITIALIZED_AUTOS = YES_AGGRESSIVE;
				GCC_WARN_UNUSED_FUNCTION = YES;
				GCC_WARN_UNUSED_VARIABLE = YES;
				IPHONEOS_DEPLOYMENT_TARGET = 17.2;
				LOCALIZATION_PREFERS_STRING_CATALOGS = YES;
				MTL_ENABLE_DEBUG_INFO = INCLUDE_SOURCE;
				MTL_FAST_MATH = YES;
				ONLY_ACTIVE_ARCH = YES;
				SDKROOT = iphoneos;
				SWIFT_ACTIVE_COMPILATION_CONDITIONS = "DEBUG $(inherited)";
				SWIFT_OPTIMIZATION_LEVEL = "-Onone";
			};
			name = Debug;
		};
		6D535CC42B5B3E5F0077BFD3 /* Release */ = {
			isa = XCBuildConfiguration;
			buildSettings = {
				ALWAYS_SEARCH_USER_PATHS = NO;
				ASSETCATALOG_COMPILER_GENERATE_SWIFT_ASSET_SYMBOL_EXTENSIONS = YES;
				CLANG_ANALYZER_NONNULL = YES;
				CLANG_ANALYZER_NUMBER_OBJECT_CONVERSION = YES_AGGRESSIVE;
				CLANG_CXX_LANGUAGE_STANDARD = "gnu++20";
				CLANG_ENABLE_MODULES = YES;
				CLANG_ENABLE_OBJC_ARC = YES;
				CLANG_ENABLE_OBJC_WEAK = YES;
				CLANG_WARN_BLOCK_CAPTURE_AUTORELEASING = YES;
				CLANG_WARN_BOOL_CONVERSION = YES;
				CLANG_WARN_COMMA = YES;
				CLANG_WARN_CONSTANT_CONVERSION = YES;
				CLANG_WARN_DEPRECATED_OBJC_IMPLEMENTATIONS = YES;
				CLANG_WARN_DIRECT_OBJC_ISA_USAGE = YES_ERROR;
				CLANG_WARN_DOCUMENTATION_COMMENTS = YES;
				CLANG_WARN_EMPTY_BODY = YES;
				CLANG_WARN_ENUM_CONVERSION = YES;
				CLANG_WARN_INFINITE_RECURSION = YES;
				CLANG_WARN_INT_CONVERSION = YES;
				CLANG_WARN_NON_LITERAL_NULL_CONVERSION = YES;
				CLANG_WARN_OBJC_IMPLICIT_RETAIN_SELF = YES;
				CLANG_WARN_OBJC_LITERAL_CONVERSION = YES;
				CLANG_WARN_OBJC_ROOT_CLASS = YES_ERROR;
				CLANG_WARN_QUOTED_INCLUDE_IN_FRAMEWORK_HEADER = YES;
				CLANG_WARN_RANGE_LOOP_ANALYSIS = YES;
				CLANG_WARN_STRICT_PROTOTYPES = YES;
				CLANG_WARN_SUSPICIOUS_MOVE = YES;
				CLANG_WARN_UNGUARDED_AVAILABILITY = YES_AGGRESSIVE;
				CLANG_WARN_UNREACHABLE_CODE = YES;
				CLANG_WARN__DUPLICATE_METHOD_MATCH = YES;
				COPY_PHASE_STRIP = NO;
				DEBUG_INFORMATION_FORMAT = "dwarf-with-dsym";
				ENABLE_NS_ASSERTIONS = NO;
				ENABLE_STRICT_OBJC_MSGSEND = YES;
				ENABLE_USER_SCRIPT_SANDBOXING = YES;
				GCC_C_LANGUAGE_STANDARD = gnu17;
				GCC_NO_COMMON_BLOCKS = YES;
				GCC_WARN_64_TO_32_BIT_CONVERSION = YES;
				GCC_WARN_ABOUT_RETURN_TYPE = YES_ERROR;
				GCC_WARN_UNDECLARED_SELECTOR = YES;
				GCC_WARN_UNINITIALIZED_AUTOS = YES_AGGRESSIVE;
				GCC_WARN_UNUSED_FUNCTION = YES;
				GCC_WARN_UNUSED_VARIABLE = YES;
				IPHONEOS_DEPLOYMENT_TARGET = 17.2;
				LOCALIZATION_PREFERS_STRING_CATALOGS = YES;
				MTL_ENABLE_DEBUG_INFO = NO;
				MTL_FAST_MATH = YES;
				SDKROOT = iphoneos;
				SWIFT_COMPILATION_MODE = wholemodule;
				VALIDATE_PRODUCT = YES;
			};
			name = Release;
		};
		6D535CC62B5B3E5F0077BFD3 /* Debug */ = {
			isa = XCBuildConfiguration;
			buildSettings = {
				ASSETCATALOG_COMPILER_APPICON_NAME = AppIcon;
				ASSETCATALOG_COMPILER_GLOBAL_ACCENT_COLOR_NAME = AccentColor;
				CODE_SIGN_STYLE = Automatic;
				CURRENT_PROJECT_VERSION = 1;
				DEVELOPMENT_ASSET_PATHS = "\"CleanArchitectureMvvm/Preview Content\"";
				DEVELOPMENT_TEAM = Z84GQ55RVN;
				ENABLE_PREVIEWS = YES;
				GENERATE_INFOPLIST_FILE = YES;
				INFOPLIST_FILE = CleanArchitectureMvvm/Info.plist;
				INFOPLIST_KEY_UIApplicationSceneManifest_Generation = YES;
				INFOPLIST_KEY_UIApplicationSupportsIndirectInputEvents = YES;
				INFOPLIST_KEY_UILaunchScreen_Generation = YES;
				INFOPLIST_KEY_UISupportedInterfaceOrientations_iPad = "UIInterfaceOrientationPortrait UIInterfaceOrientationPortraitUpsideDown UIInterfaceOrientationLandscapeLeft UIInterfaceOrientationLandscapeRight";
				INFOPLIST_KEY_UISupportedInterfaceOrientations_iPhone = "UIInterfaceOrientationPortrait UIInterfaceOrientationLandscapeLeft UIInterfaceOrientationLandscapeRight";
				LD_RUNPATH_SEARCH_PATHS = (
					"$(inherited)",
					"@executable_path/Frameworks",
				);
				MARKETING_VERSION = 1.0;
				PRODUCT_BUNDLE_IDENTIFIER = ss.objectivec.CleanArchitectureMvvm;
				PRODUCT_NAME = "$(TARGET_NAME)";
				SUPPORTED_PLATFORMS = "iphoneos iphonesimulator";
				SUPPORTS_MACCATALYST = NO;
				SUPPORTS_MAC_DESIGNED_FOR_IPHONE_IPAD = NO;
				SUPPORTS_XR_DESIGNED_FOR_IPHONE_IPAD = NO;
				SWIFT_EMIT_LOC_STRINGS = YES;
				SWIFT_VERSION = 5.0;
				TARGETED_DEVICE_FAMILY = 1;
			};
			name = Debug;
		};
		6D535CC72B5B3E5F0077BFD3 /* Release */ = {
			isa = XCBuildConfiguration;
			buildSettings = {
				ASSETCATALOG_COMPILER_APPICON_NAME = AppIcon;
				ASSETCATALOG_COMPILER_GLOBAL_ACCENT_COLOR_NAME = AccentColor;
				CODE_SIGN_STYLE = Automatic;
				CURRENT_PROJECT_VERSION = 1;
				DEVELOPMENT_ASSET_PATHS = "\"CleanArchitectureMvvm/Preview Content\"";
				DEVELOPMENT_TEAM = Z84GQ55RVN;
				ENABLE_PREVIEWS = YES;
				GENERATE_INFOPLIST_FILE = YES;
				INFOPLIST_FILE = CleanArchitectureMvvm/Info.plist;
				INFOPLIST_KEY_UIApplicationSceneManifest_Generation = YES;
				INFOPLIST_KEY_UIApplicationSupportsIndirectInputEvents = YES;
				INFOPLIST_KEY_UILaunchScreen_Generation = YES;
				INFOPLIST_KEY_UISupportedInterfaceOrientations_iPad = "UIInterfaceOrientationPortrait UIInterfaceOrientationPortraitUpsideDown UIInterfaceOrientationLandscapeLeft UIInterfaceOrientationLandscapeRight";
				INFOPLIST_KEY_UISupportedInterfaceOrientations_iPhone = "UIInterfaceOrientationPortrait UIInterfaceOrientationLandscapeLeft UIInterfaceOrientationLandscapeRight";
				LD_RUNPATH_SEARCH_PATHS = (
					"$(inherited)",
					"@executable_path/Frameworks",
				);
				MARKETING_VERSION = 1.0;
				PRODUCT_BUNDLE_IDENTIFIER = ss.objectivec.CleanArchitectureMvvm;
				PRODUCT_NAME = "$(TARGET_NAME)";
				SUPPORTED_PLATFORMS = "iphoneos iphonesimulator";
				SUPPORTS_MACCATALYST = NO;
				SUPPORTS_MAC_DESIGNED_FOR_IPHONE_IPAD = NO;
				SUPPORTS_XR_DESIGNED_FOR_IPHONE_IPAD = NO;
				SWIFT_EMIT_LOC_STRINGS = YES;
				SWIFT_VERSION = 5.0;
				TARGETED_DEVICE_FAMILY = 1;
			};
			name = Release;
		};
/* End XCBuildConfiguration section */

/* Begin XCConfigurationList section */
		6D535CB02B5B3E5E0077BFD3 /* Build configuration list for PBXProject "CleanArchitectureMvvm" */ = {
			isa = XCConfigurationList;
			buildConfigurations = (
				6D535CC32B5B3E5F0077BFD3 /* Debug */,
				6D535CC42B5B3E5F0077BFD3 /* Release */,
			);
			defaultConfigurationIsVisible = 0;
			defaultConfigurationName = Release;
		};
		6D535CC52B5B3E5F0077BFD3 /* Build configuration list for PBXNativeTarget "CleanArchitectureMvvm" */ = {
			isa = XCConfigurationList;
			buildConfigurations = (
				6D535CC62B5B3E5F0077BFD3 /* Debug */,
				6D535CC72B5B3E5F0077BFD3 /* Release */,
			);
			defaultConfigurationIsVisible = 0;
			defaultConfigurationName = Release;
		};
/* End XCConfigurationList section */

/* Begin XCSwiftPackageProductDependency section */
		6D8A35CC2B773EB1000CE86C /* Dependency */ = {
			isa = XCSwiftPackageProductDependency;
			productName = Dependency;
		};
/* End XCSwiftPackageProductDependency section */
	};
	rootObject = 6D535CAD2B5B3E5E0077BFD3 /* Project object */;
}
